
Microsoft Visual Studio Solution File, Format Version 12.00
# Visual Studio Version 17
VisualStudioVersion = 17.14.36119.2
MinimumVisualStudioVersion = 10.0.40219.1
Project("{2150E333-8FDC-42A3-9474-1A3956D46DE8}") = "Core", "Core", "{02EA681E-C7D8-13C7-8484-4AC65E1B71E8}"
EndProject
Project("{FAE04EC0-301F-11D3-BF4B-00C04F79EFBC}") = "CareBook.Domain", "Core\CareBook.Domain\CareBook.Domain.csproj", "{05464822-11D3-494D-AFA8-DFDF9FC585B9}"
EndProject
Project("{2150E333-8FDC-42A3-9474-1A3956D46DE8}") = "Infrastucture", "Infrastucture", "{27F22996-C52C-4167-A841-C1D98DC99130}"
EndProject
Project("{FAE04EC0-301F-11D3-BF4B-00C04F79EFBC}") = "CarBook.Persistence", "Infrastucture\CarBook.Persistence\CarBook.Persistence.csproj", "{D5053863-0A5A-4019-88DC-741B2C614329}"
EndProject
Project("{2150E333-8FDC-42A3-9474-1A3956D46DE8}") = "Presentation", "Presentation", "{70698589-B959-49ED-83BD-E6DF11E54A0C}"
EndProject
Project("{FAE04EC0-301F-11D3-BF4B-00C04F79EFBC}") = "CarBook.WebApi", "Presentation\CarBook.WebApi\CarBook.WebApi.csproj", "{A156FE58-6750-4852-A40E-004C057D082B}"
EndProject
Project("{FAE04EC0-301F-11D3-BF4B-00C04F79EFBC}") = "CarBook.Application", "Core\CarBook.Application\CarBook.Application.csproj", "{D16E08BE-418C-4CE7-B8B7-EC3772FBCC86}"
EndProject
Project("{2150E333-8FDC-42A3-9474-1A3956D46DE8}") = "Frontends", "Frontends", "{42D8948A-12A4-4A9E-8A9D-9750E3A9768E}"
EndProject
Project("{FAE04EC0-301F-11D3-BF4B-00C04F79EFBC}") = "CarBook.WebUI", "Frontends\CarBook.WebUI\CarBook.WebUI.csproj", "{FD087714-F24C-4956-A959-694956A53724}"
EndProject
Project("{FAE04EC0-301F-11D3-BF4B-00C04F79EFBC}") = "CarBook.Dto", "Frontends\CarBook.Dto\CarBook.Dto.csproj", "{AF82FF40-D95D-45CC-B358-D77E37EC8E8C}"
EndProject
Global
	GlobalSection(SolutionConfigurationPlatforms) = preSolution
		Debug|Any CPU = Debug|Any CPU
		Release|Any CPU = Release|Any CPU
	EndGlobalSection
	GlobalSection(ProjectConfigurationPlatforms) = postSolution
		{05464822-11D3-494D-AFA8-DFDF9FC585B9}.Debug|Any CPU.ActiveCfg = Debug|Any CPU
		{05464822-11D3-494D-AFA8-DFDF9FC585B9}.Debug|Any CPU.Build.0 = Debug|Any CPU
		{05464822-11D3-494D-AFA8-DFDF9FC585B9}.Release|Any CPU.ActiveCfg = Release|Any CPU
		{05464822-11D3-494D-AFA8-DFDF9FC585B9}.Release|Any CPU.Build.0 = Release|Any CPU
		{D5053863-0A5A-4019-88DC-741B2C614329}.Debug|Any CPU.ActiveCfg = Debug|Any CPU
		{D5053863-0A5A-4019-88DC-741B2C614329}.Debug|Any CPU.Build.0 = Debug|Any CPU
		{D5053863-0A5A-4019-88DC-741B2C614329}.Release|Any CPU.ActiveCfg = Release|Any CPU
		{D5053863-0A5A-4019-88DC-741B2C614329}.Release|Any CPU.Build.0 = Release|Any CPU
		{A156FE58-6750-4852-A40E-004C057D082B}.Debug|Any CPU.ActiveCfg = Debug|Any CPU
		{A156FE58-6750-4852-A40E-004C057D082B}.Debug|Any CPU.Build.0 = Debug|Any CPU
		{A156FE58-6750-4852-A40E-004C057D082B}.Release|Any CPU.ActiveCfg = Release|Any CPU
		{A156FE58-6750-4852-A40E-004C057D082B}.Release|Any CPU.Build.0 = Release|Any CPU
		{D16E08BE-418C-4CE7-B8B7-EC3772FBCC86}.Debug|Any CPU.ActiveCfg = Debug|Any CPU
		{D16E08BE-418C-4CE7-B8B7-EC3772FBCC86}.Debug|Any CPU.Build.0 = Debug|Any CPU
		{D16E08BE-418C-4CE7-B8B7-EC3772FBCC86}.Release|Any CPU.ActiveCfg = Release|Any CPU
		{D16E08BE-418C-4CE7-B8B7-EC3772FBCC86}.Release|Any CPU.Build.0 = Release|Any CPU
		{FD087714-F24C-4956-A959-694956A53724}.Debug|Any CPU.ActiveCfg = Debug|Any CPU
		{FD087714-F24C-4956-A959-694956A53724}.Debug|Any CPU.Build.0 = Debug|Any CPU
		{FD087714-F24C-4956-A959-694956A53724}.Release|Any CPU.ActiveCfg = Release|Any CPU
		{FD087714-F24C-4956-A959-694956A53724}.Release|Any CPU.Build.0 = Release|Any CPU
		{AF82FF40-D95D-45CC-B358-D77E37EC8E8C}.Debug|Any CPU.ActiveCfg = Debug|Any CPU
		{AF82FF40-D95D-45CC-B358-D77E37EC8E8C}.Debug|Any CPU.Build.0 = Debug|Any CPU
		{AF82FF40-D95D-45CC-B358-D77E37EC8E8C}.Release|Any CPU.ActiveCfg = Release|Any CPU
		{AF82FF40-D95D-45CC-B358-D77E37EC8E8C}.Release|Any CPU.Build.0 = Release|Any CPU
	EndGlobalSection
	GlobalSection(SolutionProperties) = preSolution
		HideSolutionNode = FALSE
	EndGlobalSection
	GlobalSection(NestedProjects) = preSolution
		{05464822-11D3-494D-AFA8-DFDF9FC585B9} = {02EA681E-C7D8-13C7-8484-4AC65E1B71E8}
		{D5053863-0A5A-4019-88DC-741B2C614329} = {27F22996-C52C-4167-A841-C1D98DC99130}
		{A156FE58-6750-4852-A40E-004C057D082B} = {70698589-B959-49ED-83BD-E6DF11E54A0C}
		{D16E08BE-418C-4CE7-B8B7-EC3772FBCC86} = {02EA681E-C7D8-13C7-8484-4AC65E1B71E8}
		{FD087714-F24C-4956-A959-694956A53724} = {42D8948A-12A4-4A9E-8A9D-9750E3A9768E}
		{AF82FF40-D95D-45CC-B358-D77E37EC8E8C} = {42D8948A-12A4-4A9E-8A9D-9750E3A9768E}
	EndGlobalSection
	GlobalSection(ExtensibilityGlobals) = postSolution
		SolutionGuid = {50C28947-F576-4653-919D-97C5886EEF79}
	EndGlobalSection
EndGlobal
